
Microsoft Visual Studio Solution File, Format Version 12.00
# Visual Studio Version 17
VisualStudioVersion = 17.7.34221.43
MinimumVisualStudioVersion = 10.0.40219.1
Project("{FAE04EC0-301F-11D3-BF4B-00C04F79EFBC}") = "WpfAppCalc", "WpfAppCalc\WpfAppCalc.csproj", "{C510E4BF-1577-418B-907F-E139C459E0F4}"
EndProject
Project("{FAE04EC0-301F-11D3-BF4B-00C04F79EFBC}") = "Controls", "Controls\Controls.csproj", "{E661DE09-B87E-45E1-B980-FFDFAFC0ACD5}"
EndProject
Project("{9A19103F-16F7-4668-BE54-9A1E7A4F7556}") = "4.Content.Converters", "4.Content.Converters\4.Content.Converters.csproj", "{5004F247-B038-4D3E-BBF2-4DE02B5F7427}"
EndProject
Project("{9A19103F-16F7-4668-BE54-9A1E7A4F7556}") = "5.InkCanvas", "5.InkCanvas\5.InkCanvas.csproj", "{089586B5-476E-484F-B1B8-E0BCA183C8B5}"
EndProject
Project("{9A19103F-16F7-4668-BE54-9A1E7A4F7556}") = "6.WeatherControl", "6.WeatherControl\6.WeatherControl.csproj", "{6D668BEB-9638-452E-BCA0-D1E30DF04E01}"
EndProject
Project("{9A19103F-16F7-4668-BE54-9A1E7A4F7556}") = "10.FigureStyleTransformation", "10.FigureStyleTransformation\10.FigureStyleTransformation.csproj", "{80D8FB46-6737-4465-9CD8-D0CF21BBD378}"
EndProject
Project("{9A19103F-16F7-4668-BE54-9A1E7A4F7556}") = "11.Paths", "11.Paths\11.Paths.csproj", "{352C21A4-9480-4E3A-BCE7-084E38FF118E}"
EndProject
Project("{9A19103F-16F7-4668-BE54-9A1E7A4F7556}") = "12.Tempate", "12.Tempate\12.Tempate.csproj", "{B495BC96-B97E-4B7A-A120-F7B3EFD13AA7}"
EndProject
Project("{9A19103F-16F7-4668-BE54-9A1E7A4F7556}") = "14.DataTemplate", "14.DataTemplate\14.DataTemplate.csproj", "{D7BDC457-E28E-4044-88E1-8AA94A71BCFA}"
EndProject
Project("{9A19103F-16F7-4668-BE54-9A1E7A4F7556}") = "15.DocumentsAndPrint", "15.DocumentsAndPrint\15.DocumentsAndPrint.csproj", "{AFDC9565-85ED-46B1-8074-B28BDA3A05FC}"
EndProject
Project("{9A19103F-16F7-4668-BE54-9A1E7A4F7556}") = "16.Animation", "16.Animation\16.Animation.csproj", "{0CFD1509-CC19-4E22-A9A3-742B524EF636}"
EndProject
Project("{9A19103F-16F7-4668-BE54-9A1E7A4F7556}") = "17.CustomUserControl", "17.CustomUserControl\17.CustomUserControl.csproj", "{3884FBDF-54C8-4152-9937-D32BC1FB6BF0}"
EndProject
Project("{FAE04EC0-301F-11D3-BF4B-00C04F79EFBC}") = "18.FourSide3D", "18.FourSide3D\18.FourSide3D.csproj", "{1664EC4E-D122-41FA-8183-50874EE05A77}"
EndProject
Global
	GlobalSection(SolutionConfigurationPlatforms) = preSolution
		Debug|Any CPU = Debug|Any CPU
		Release|Any CPU = Release|Any CPU
	EndGlobalSection
	GlobalSection(ProjectConfigurationPlatforms) = postSolution
		{C510E4BF-1577-418B-907F-E139C459E0F4}.Debug|Any CPU.ActiveCfg = Debug|Any CPU
		{C510E4BF-1577-418B-907F-E139C459E0F4}.Debug|Any CPU.Build.0 = Debug|Any CPU
		{C510E4BF-1577-418B-907F-E139C459E0F4}.Release|Any CPU.ActiveCfg = Release|Any CPU
		{C510E4BF-1577-418B-907F-E139C459E0F4}.Release|Any CPU.Build.0 = Release|Any CPU
		{E661DE09-B87E-45E1-B980-FFDFAFC0ACD5}.Debug|Any CPU.ActiveCfg = Debug|Any CPU
		{E661DE09-B87E-45E1-B980-FFDFAFC0ACD5}.Debug|Any CPU.Build.0 = Debug|Any CPU
		{E661DE09-B87E-45E1-B980-FFDFAFC0ACD5}.Release|Any CPU.ActiveCfg = Release|Any CPU
		{E661DE09-B87E-45E1-B980-FFDFAFC0ACD5}.Release|Any CPU.Build.0 = Release|Any CPU
		{5004F247-B038-4D3E-BBF2-4DE02B5F7427}.Debug|Any CPU.ActiveCfg = Debug|Any CPU
		{5004F247-B038-4D3E-BBF2-4DE02B5F7427}.Debug|Any CPU.Build.0 = Debug|Any CPU
		{5004F247-B038-4D3E-BBF2-4DE02B5F7427}.Release|Any CPU.ActiveCfg = Release|Any CPU
		{5004F247-B038-4D3E-BBF2-4DE02B5F7427}.Release|Any CPU.Build.0 = Release|Any CPU
		{089586B5-476E-484F-B1B8-E0BCA183C8B5}.Debug|Any CPU.ActiveCfg = Debug|Any CPU
		{089586B5-476E-484F-B1B8-E0BCA183C8B5}.Debug|Any CPU.Build.0 = Debug|Any CPU
		{089586B5-476E-484F-B1B8-E0BCA183C8B5}.Release|Any CPU.ActiveCfg = Release|Any CPU
		{089586B5-476E-484F-B1B8-E0BCA183C8B5}.Release|Any CPU.Build.0 = Release|Any CPU
		{6D668BEB-9638-452E-BCA0-D1E30DF04E01}.Debug|Any CPU.ActiveCfg = Debug|Any CPU
		{6D668BEB-9638-452E-BCA0-D1E30DF04E01}.Debug|Any CPU.Build.0 = Debug|Any CPU
		{6D668BEB-9638-452E-BCA0-D1E30DF04E01}.Release|Any CPU.ActiveCfg = Release|Any CPU
		{6D668BEB-9638-452E-BCA0-D1E30DF04E01}.Release|Any CPU.Build.0 = Release|Any CPU
		{80D8FB46-6737-4465-9CD8-D0CF21BBD378}.Debug|Any CPU.ActiveCfg = Debug|Any CPU
		{80D8FB46-6737-4465-9CD8-D0CF21BBD378}.Debug|Any CPU.Build.0 = Debug|Any CPU
		{80D8FB46-6737-4465-9CD8-D0CF21BBD378}.Release|Any CPU.ActiveCfg = Release|Any CPU
		{80D8FB46-6737-4465-9CD8-D0CF21BBD378}.Release|Any CPU.Build.0 = Release|Any CPU
		{352C21A4-9480-4E3A-BCE7-084E38FF118E}.Debug|Any CPU.ActiveCfg = Debug|Any CPU
		{352C21A4-9480-4E3A-BCE7-084E38FF118E}.Debug|Any CPU.Build.0 = Debug|Any CPU
		{352C21A4-9480-4E3A-BCE7-084E38FF118E}.Release|Any CPU.ActiveCfg = Release|Any CPU
		{352C21A4-9480-4E3A-BCE7-084E38FF118E}.Release|Any CPU.Build.0 = Release|Any CPU
		{B495BC96-B97E-4B7A-A120-F7B3EFD13AA7}.Debug|Any CPU.ActiveCfg = Debug|Any CPU
		{B495BC96-B97E-4B7A-A120-F7B3EFD13AA7}.Debug|Any CPU.Build.0 = Debug|Any CPU
		{B495BC96-B97E-4B7A-A120-F7B3EFD13AA7}.Release|Any CPU.ActiveCfg = Release|Any CPU
		{B495BC96-B97E-4B7A-A120-F7B3EFD13AA7}.Release|Any CPU.Build.0 = Release|Any CPU
		{D7BDC457-E28E-4044-88E1-8AA94A71BCFA}.Debug|Any CPU.ActiveCfg = Debug|Any CPU
		{D7BDC457-E28E-4044-88E1-8AA94A71BCFA}.Debug|Any CPU.Build.0 = Debug|Any CPU
		{D7BDC457-E28E-4044-88E1-8AA94A71BCFA}.Release|Any CPU.ActiveCfg = Release|Any CPU
		{D7BDC457-E28E-4044-88E1-8AA94A71BCFA}.Release|Any CPU.Build.0 = Release|Any CPU
		{AFDC9565-85ED-46B1-8074-B28BDA3A05FC}.Debug|Any CPU.ActiveCfg = Debug|Any CPU
		{AFDC9565-85ED-46B1-8074-B28BDA3A05FC}.Debug|Any CPU.Build.0 = Debug|Any CPU
		{AFDC9565-85ED-46B1-8074-B28BDA3A05FC}.Release|Any CPU.ActiveCfg = Release|Any CPU
		{AFDC9565-85ED-46B1-8074-B28BDA3A05FC}.Release|Any CPU.Build.0 = Release|Any CPU
		{0CFD1509-CC19-4E22-A9A3-742B524EF636}.Debug|Any CPU.ActiveCfg = Debug|Any CPU
		{0CFD1509-CC19-4E22-A9A3-742B524EF636}.Debug|Any CPU.Build.0 = Debug|Any CPU
		{0CFD1509-CC19-4E22-A9A3-742B524EF636}.Release|Any CPU.ActiveCfg = Release|Any CPU
		{0CFD1509-CC19-4E22-A9A3-742B524EF636}.Release|Any CPU.Build.0 = Release|Any CPU
		{3884FBDF-54C8-4152-9937-D32BC1FB6BF0}.Debug|Any CPU.ActiveCfg = Debug|Any CPU
		{3884FBDF-54C8-4152-9937-D32BC1FB6BF0}.Debug|Any CPU.Build.0 = Debug|Any CPU
		{3884FBDF-54C8-4152-9937-D32BC1FB6BF0}.Release|Any CPU.ActiveCfg = Release|Any CPU
		{3884FBDF-54C8-4152-9937-D32BC1FB6BF0}.Release|Any CPU.Build.0 = Release|Any CPU
		{1664EC4E-D122-41FA-8183-50874EE05A77}.Debug|Any CPU.ActiveCfg = Debug|Any CPU
		{1664EC4E-D122-41FA-8183-50874EE05A77}.Debug|Any CPU.Build.0 = Debug|Any CPU
		{1664EC4E-D122-41FA-8183-50874EE05A77}.Release|Any CPU.ActiveCfg = Release|Any CPU
		{1664EC4E-D122-41FA-8183-50874EE05A77}.Release|Any CPU.Build.0 = Release|Any CPU
	EndGlobalSection
	GlobalSection(SolutionProperties) = preSolution
		HideSolutionNode = FALSE
	EndGlobalSection
	GlobalSection(ExtensibilityGlobals) = postSolution
		SolutionGuid = {AB906786-5A9A-4ADA-9F8A-7A0B0E3D1DB0}
	EndGlobalSection
EndGlobal
